
Microsoft Visual Studio Solution File, Format Version 12.00
# Visual Studio Version 17
VisualStudioVersion = 17.2.32519.379
MinimumVisualStudioVersion = 10.0.40219.1
Project("{9A19103F-16F7-4668-BE54-9A1E7A4F7556}") = "ConsoleMusicPlayer", "ConsoleMusicPlayer\ConsoleMusicPlayer.csproj", "{927A9265-3B92-4BEF-A89E-F507D4BFA2FB}"
EndProject
Project("{FAE04EC0-301F-11D3-BF4B-00C04F79EFBC}") = "ConsoleMusicPlayer.Common", "ConsoleMusicPlayer.Common\ConsoleMusicPlayer.Common.csproj", "{F457C6E7-040A-4A01-866F-F0C29A454B72}"
EndProject
Project("{FAE04EC0-301F-11D3-BF4B-00C04F79EFBC}") = "ConsoleMusicPlayer.Business", "ConsoleMusicPlayer.Business\ConsoleMusicPlayer.Business.csproj", "{D0EC6B8C-7A40-4744-8D39-FC7E7F52A63D}"
EndProject
Global
	GlobalSection(SolutionConfigurationPlatforms) = preSolution
		Debug|Any CPU = Debug|Any CPU
		Release|Any CPU = Release|Any CPU
	EndGlobalSection
	GlobalSection(ProjectConfigurationPlatforms) = postSolution
		{927A9265-3B92-4BEF-A89E-F507D4BFA2FB}.Debug|Any CPU.ActiveCfg = Debug|Any CPU
		{927A9265-3B92-4BEF-A89E-F507D4BFA2FB}.Debug|Any CPU.Build.0 = Debug|Any CPU
		{927A9265-3B92-4BEF-A89E-F507D4BFA2FB}.Release|Any CPU.ActiveCfg = Release|Any CPU
		{927A9265-3B92-4BEF-A89E-F507D4BFA2FB}.Release|Any CPU.Build.0 = Release|Any CPU
		{F457C6E7-040A-4A01-866F-F0C29A454B72}.Debug|Any CPU.ActiveCfg = Debug|Any CPU
		{F457C6E7-040A-4A01-866F-F0C29A454B72}.Debug|Any CPU.Build.0 = Debug|Any CPU
		{F457C6E7-040A-4A01-866F-F0C29A454B72}.Release|Any CPU.ActiveCfg = Release|Any CPU
		{F457C6E7-040A-4A01-866F-F0C29A454B72}.Release|Any CPU.Build.0 = Release|Any CPU
		{D0EC6B8C-7A40-4744-8D39-FC7E7F52A63D}.Debug|Any CPU.ActiveCfg = Debug|Any CPU
		{D0EC6B8C-7A40-4744-8D39-FC7E7F52A63D}.Debug|Any CPU.Build.0 = Debug|Any CPU
		{D0EC6B8C-7A40-4744-8D39-FC7E7F52A63D}.Release|Any CPU.ActiveCfg = Release|Any CPU
		{D0EC6B8C-7A40-4744-8D39-FC7E7F52A63D}.Release|Any CPU.Build.0 = Release|Any CPU
	EndGlobalSection
	GlobalSection(SolutionProperties) = preSolution
		HideSolutionNode = FALSE
	EndGlobalSection
	GlobalSection(ExtensibilityGlobals) = postSolution
		SolutionGuid = {15E36584-9FDB-4356-9304-9478088F4755}
	EndGlobalSection
EndGlobal
